
Microsoft Visual Studio Solution File, Format Version 12.00
# Visual Studio Version 17
VisualStudioVersion = 17.14.36301.6
MinimumVisualStudioVersion = 10.0.40219.1
Project("{FAE04EC0-301F-11D3-BF4B-00C04F79EFBC}") = "Zed.GlobalErrorHandler", "src\Zed.GlobalErrorHandler.csproj", "{D0BE6D79-4486-D44C-5F06-46719455CD93}"
EndProject
Global
	GlobalSection(SolutionConfigurationPlatforms) = preSolution
		Debug|Any CPU = Debug|Any CPU
		Release|Any CPU = Release|Any CPU
	EndGlobalSection
	GlobalSection(ProjectConfigurationPlatforms) = postSolution
		{D0BE6D79-4486-D44C-5F06-46719455CD93}.Debug|Any CPU.ActiveCfg = Debug|Any CPU
		{D0BE6D79-4486-D44C-5F06-46719455CD93}.Debug|Any CPU.Build.0 = Debug|Any CPU
		{D0BE6D79-4486-D44C-5F06-46719455CD93}.Release|Any CPU.ActiveCfg = Release|Any CPU
		{D0BE6D79-4486-D44C-5F06-46719455CD93}.Release|Any CPU.Build.0 = Release|Any CPU
	EndGlobalSection
	GlobalSection(SolutionProperties) = preSolution
		HideSolutionNode = FALSE
	EndGlobalSection
	GlobalSection(ExtensibilityGlobals) = postSolution
		SolutionGuid = {E5F7C77A-3291-4C58-B5C9-9FDFACE21AEB}
	EndGlobalSection
EndGlobal
